# THIS IS AN AUTOGENERATED FILE. DO NOT EDIT THIS FILE DIRECTLY.
# yarn lockfile v1


"@serialport/binding-mock@10.2.2":
  version "10.2.2"
  resolved "https://registry.yarnpkg.com/@serialport/binding-mock/-/binding-mock-10.2.2.tgz#d322a8116a97806addda13c62f50e73d16125874"
  integrity sha512-HAFzGhk9OuFMpuor7aT5G1ChPgn5qSsklTFOTUX72Rl6p0xwcSVsRtG/xaGp6bxpN7fI9D/S8THLBWbBgS6ldw==
  dependencies:
    "@serialport/bindings-interface" "^1.2.1"
    debug "^4.3.3"

"@serialport/bindings-cpp@13.0.0":
  version "13.0.0"
  resolved "https://registry.yarnpkg.com/@serialport/bindings-cpp/-/bindings-cpp-13.0.0.tgz#d8a06881c1f9ce59c28fb22e23ad72062963b26d"
  integrity sha512-r25o4Bk/vaO1LyUfY/ulR6hCg/aWiN6Wo2ljVlb4Pj5bqWGcSRC4Vse4a9AcapuAu/FeBzHCbKMvRQeCuKjzIQ==
  dependencies:
    "@serialport/bindings-interface" "1.2.2"
    "@serialport/parser-readline" "12.0.0"
    debug "4.4.0"
    node-addon-api "8.3.0"
    node-gyp-build "4.8.4"

"@serialport/bindings-interface@1.2.2", "@serialport/bindings-interface@^1.2.1":
  version "1.2.2"
  resolved "https://registry.yarnpkg.com/@serialport/bindings-interface/-/bindings-interface-1.2.2.tgz#c4ae9c1c85e26b02293f62f37435478d90baa460"
  integrity sha512-CJaUd5bLvtM9c5dmO9rPBHPXTa9R2UwpkJ0wdh9JCYcbrPWsKz+ErvR0hBLeo7NPeiFdjFO4sonRljiw4d2XiA==

"@serialport/parser-byte-length@13.0.0":
  version "13.0.0"
  resolved "https://registry.yarnpkg.com/@serialport/parser-byte-length/-/parser-byte-length-13.0.0.tgz#173b3f94ff24f30a617faef396579bb876082c3c"
  integrity sha512-32yvqeTAqJzAEtX5zCrN1Mej56GJ5h/cVFsCDPbF9S1ZSC9FWjOqNAgtByseHfFTSTs/4ZBQZZcZBpolt8sUng==

"@serialport/parser-cctalk@13.0.0":
  version "13.0.0"
  resolved "https://registry.yarnpkg.com/@serialport/parser-cctalk/-/parser-cctalk-13.0.0.tgz#d1fc988454b49241d744d581dbb3d5ec4df5af5a"
  integrity sha512-RErAe57g9gvnlieVYGIn1xymb1bzNXb2QtUQd14FpmbQQYlcrmuRnJwKa1BgTCujoCkhtaTtgHlbBWOxm8U2uA==

"@serialport/parser-delimiter@12.0.0":
  version "12.0.0"
  resolved "https://registry.yarnpkg.com/@serialport/parser-delimiter/-/parser-delimiter-12.0.0.tgz#43d3687f982829cc9b48ee0b21f2de80d0f19778"
  integrity sha512-gu26tVt5lQoybhorLTPsH2j2LnX3AOP2x/34+DUSTNaUTzu2fBXw+isVjQJpUBFWu6aeQRZw5bJol5X9Gxjblw==

"@serialport/parser-delimiter@13.0.0":
  version "13.0.0"
  resolved "https://registry.yarnpkg.com/@serialport/parser-delimiter/-/parser-delimiter-13.0.0.tgz#5d342004cfc5af30f4694e18a4d3407a66ca1eec"
  integrity sha512-Qqyb0FX1avs3XabQqNaZSivyVbl/yl0jywImp7ePvfZKLwx7jBZjvL+Hawt9wIG6tfq6zbFM24vzCCK7REMUig==

"@serialport/parser-inter-byte-timeout@13.0.0":
  version "13.0.0"
  resolved "https://registry.yarnpkg.com/@serialport/parser-inter-byte-timeout/-/parser-inter-byte-timeout-13.0.0.tgz#e0b696ebe921ba9a120088bd012ef413d61d7f40"
  integrity sha512-a0w0WecTW7bD2YHWrpTz1uyiWA2fDNym0kjmPeNSwZ2XCP+JbirZt31l43m2ey6qXItTYVuQBthm75sPVeHnGA==

"@serialport/parser-packet-length@13.0.0":
  version "13.0.0"
  resolved "https://registry.yarnpkg.com/@serialport/parser-packet-length/-/parser-packet-length-13.0.0.tgz#fcb80de042720c8c029cf912a9ec268f5fa6ec87"
  integrity sha512-60ZDDIqYRi0Xs2SPZUo4Jr5LLIjtb+rvzPKMJCohrO6tAqSDponcNpcB1O4W21mKTxYjqInSz+eMrtk0LLfZIg==

"@serialport/parser-readline@12.0.0":
  version "12.0.0"
  resolved "https://registry.yarnpkg.com/@serialport/parser-readline/-/parser-readline-12.0.0.tgz#50e992004d7a84d5a12e0b016adb9021d3a72fbb"
  integrity sha512-O7cywCWC8PiOMvo/gglEBfAkLjp/SENEML46BXDykfKP5mTPM46XMaX1L0waWU6DXJpBgjaL7+yX6VriVPbN4w==
  dependencies:
    "@serialport/parser-delimiter" "12.0.0"

"@serialport/parser-readline@13.0.0":
  version "13.0.0"
  resolved "https://registry.yarnpkg.com/@serialport/parser-readline/-/parser-readline-13.0.0.tgz#624594a1af030949eaea9873a4c50fe6c464f85e"
  integrity sha512-dov3zYoyf0dt1Sudd1q42VVYQ4WlliF0MYvAMA3MOyiU1IeG4hl0J6buBA2w4gl3DOCC05tGgLDN/3yIL81gsA==
  dependencies:
    "@serialport/parser-delimiter" "13.0.0"

"@serialport/parser-ready@13.0.0":
  version "13.0.0"
  resolved "https://registry.yarnpkg.com/@serialport/parser-ready/-/parser-ready-13.0.0.tgz#f56b289632426fb50da79222106e09a602df5f41"
  integrity sha512-JNUQA+y2Rfs4bU+cGYNqOPnNMAcayhhW+XJZihSLQXOHcZsFnOa2F9YtMg9VXRWIcnHldHYtisp62Etjlw24bw==

"@serialport/parser-regex@13.0.0":
  version "13.0.0"
  resolved "https://registry.yarnpkg.com/@serialport/parser-regex/-/parser-regex-13.0.0.tgz#0de6d1b8224d5b14c6ad5208c30a842cb5c0d312"
  integrity sha512-m7HpIf56G5XcuDdA3DB34Z0pJiwxNRakThEHjSa4mG05OnWYv0IG8l2oUyYfuGMowQWaVnQ+8r+brlPxGVH+eA==

"@serialport/parser-slip-encoder@13.0.0":
  version "13.0.0"
  resolved "https://registry.yarnpkg.com/@serialport/parser-slip-encoder/-/parser-slip-encoder-13.0.0.tgz#961439d6aa0f519c05dcabbfc47a8cfea068fedd"
  integrity sha512-fUHZEExm6izJ7rg0A1yjXwu4sOzeBkPAjDZPfb+XQoqgtKAk+s+HfICiYn7N2QU9gyaeCO8VKgWwi+b/DowYOg==

"@serialport/parser-spacepacket@13.0.0":
  version "13.0.0"
  resolved "https://registry.yarnpkg.com/@serialport/parser-spacepacket/-/parser-spacepacket-13.0.0.tgz#3f2ff34e9b4c32ead1d50db50cd1a27b49f154d6"
  integrity sha512-DoXJ3mFYmyD8X/8931agJvrBPxqTaYDsPoly9/cwQSeh/q4EjQND9ySXBxpWz5WcpyCU4jOuusqCSAPsbB30Eg==

"@serialport/stream@13.0.0":
  version "13.0.0"
  resolved "https://registry.yarnpkg.com/@serialport/stream/-/stream-13.0.0.tgz#12f04da9429809bb3ace2e9b7369b82ba1d39f0a"
  integrity sha512-F7xLJKsjGo2WuEWMSEO1SimRcOA+WtWICsY13r0ahx8s2SecPQH06338g28OT7cW7uRXI7oEQAk62qh5gHJW3g==
  dependencies:
    "@serialport/bindings-interface" "1.2.2"
    debug "4.4.0"

debug@4.4.0:
  version "4.4.0"
  resolved "https://registry.yarnpkg.com/debug/-/debug-4.4.0.tgz#2b3f2aea2ffeb776477460267377dc8710faba8a"
  integrity sha512-6WTZ/IxCY/T6BALoZHaE4ctp9xm+Z5kY/pzYaCHRFeyVhojxlrm+46y68HA6hr0TcwEssoxNiDEUJQjfPZ/RYA==
  dependencies:
    ms "^2.1.3"

debug@^4.3.3:
  version "4.4.3"
  resolved "https://registry.yarnpkg.com/debug/-/debug-4.4.3.tgz#c6ae432d9bd9662582fce08709b038c58e9e3d6a"
  integrity sha512-RGwwWnwQvkVfavKVt22FGLw+xYSdzARwm0ru6DhTVA3umU5hZc28V3kO4stgYryrTlLpuvgI9GiijltAjNbcqA==
  dependencies:
    ms "^2.1.3"

ms@^2.1.3:
  version "2.1.3"
  resolved "https://registry.yarnpkg.com/ms/-/ms-2.1.3.tgz#574c8138ce1d2b5861f0b44579dbadd60c6615b2"
  integrity sha512-6FlzubTLZG3J2a/NVCAleEhjzq5oxgHyaCU9yYXvcLsvoVaHJq/s5xXI6/XXP6tz7R9xAOtHnSO/tXtF3WRTlA==

node-addon-api@8.3.0:
  version "8.3.0"
  resolved "https://registry.yarnpkg.com/node-addon-api/-/node-addon-api-8.3.0.tgz#ec3763f18befc1cdf66d11e157ce44d5eddc0603"
  integrity sha512-8VOpLHFrOQlAH+qA0ZzuGRlALRA6/LVh8QJldbrC4DY0hXoMP0l4Acq8TzFC018HztWiRqyCEj2aTWY2UvnJUg==

node-gyp-build@4.8.4:
  version "4.8.4"
  resolved "https://registry.yarnpkg.com/node-gyp-build/-/node-gyp-build-4.8.4.tgz#8a70ee85464ae52327772a90d66c6077a900cfc8"
  integrity sha512-LA4ZjwlnUblHVgq0oBF3Jl/6h/Nvs5fzBLwdEF4nuxnFdsfajde4WfxtJr3CaiH+F6ewcIB/q4jQ4UzPyid+CQ==

serialport@^13.0.0:
  version "13.0.0"
  resolved "https://registry.yarnpkg.com/serialport/-/serialport-13.0.0.tgz#f92a8c04e1b0ba5550bdf01224df27f7919b14c4"
  integrity sha512-PHpnTd8isMGPfFTZNCzOZp9m4mAJSNWle9Jxu6BPTcWq7YXl5qN7tp8Sgn0h+WIGcD6JFz5QDgixC2s4VW7vzg==
  dependencies:
    "@serialport/binding-mock" "10.2.2"
    "@serialport/bindings-cpp" "13.0.0"
    "@serialport/parser-byte-length" "13.0.0"
    "@serialport/parser-cctalk" "13.0.0"
    "@serialport/parser-delimiter" "13.0.0"
    "@serialport/parser-inter-byte-timeout" "13.0.0"
    "@serialport/parser-packet-length" "13.0.0"
    "@serialport/parser-readline" "13.0.0"
    "@serialport/parser-ready" "13.0.0"
    "@serialport/parser-regex" "13.0.0"
    "@serialport/parser-slip-encoder" "13.0.0"
    "@serialport/parser-spacepacket" "13.0.0"
    "@serialport/stream" "13.0.0"
    debug "4.4.0"
