# This file is generated by running "yarn install" inside your project.
# Manual changes might be lost - proceed with caution!

__metadata:
  version: 6
  cacheKey: 8

"@gar/promisify@npm:^1.1.3":
  version: 1.1.3
  resolution: "@gar/promisify@npm:1.1.3"
  checksum: 4059f790e2d07bf3c3ff3e0fec0daa8144fe35c1f6e0111c9921bd32106adaa97a4ab096ad7dab1e28ee6a9060083c4d1a4ada42a7f5f3f7a96b8812e2b757c1
  languageName: node
  linkType: hard

"@npmcli/fs@npm:^2.1.0":
  version: 2.1.2
  resolution: "@npmcli/fs@npm:2.1.2"
  dependencies:
    "@gar/promisify": ^1.1.3
    semver: ^7.3.5
  checksum: 405074965e72d4c9d728931b64d2d38e6ea12066d4fad651ac253d175e413c06fe4350970c783db0d749181da8fe49c42d3880bd1cbc12cd68e3a7964d820225
  languageName: node
  linkType: hard

"@npmcli/move-file@npm:^2.0.0":
  version: 2.0.1
  resolution: "@npmcli/move-file@npm:2.0.1"
  dependencies:
    mkdirp: ^1.0.4
    rimraf: ^3.0.2
  checksum: 52dc02259d98da517fae4cb3a0a3850227bdae4939dda1980b788a7670636ca2b4a01b58df03dd5f65c1e3cb70c50fa8ce5762b582b3f499ec30ee5ce1fd9380
  languageName: node
  linkType: hard

"@serialport/binding-mock@npm:10.2.2":
  version: 10.2.2
  resolution: "@serialport/binding-mock@npm:10.2.2"
  dependencies:
    "@serialport/bindings-interface": ^1.2.1
    debug: ^4.3.3
  checksum: 2f36d66e9f8ea4c370878c35eab3f81f8377e256b33e0c9f9807508f4bf01513ca8ab666552a29c456238ce30533fe7d627182748c1bfb97b3f94926b91e93b9
  languageName: node
  linkType: hard

"@serialport/bindings-cpp@npm:10.7.0":
  version: 10.7.0
  resolution: "@serialport/bindings-cpp@npm:10.7.0"
  dependencies:
    "@serialport/bindings-interface": 1.2.1
    "@serialport/parser-readline": ^10.2.1
    debug: ^4.3.2
    node-addon-api: ^4.3.0
    node-gyp: latest
    node-gyp-build: ^4.3.0
  checksum: 970e705f43c2a7d54e80d5f8f63c1bffe41374e840ad069574263c923377df30e4aab4dcc90030988f35d55ec140bba377d94b0281c31dc124c64c4be38d5564
  languageName: node
  linkType: hard

"@serialport/bindings-interface@npm:1.2.1, @serialport/bindings-interface@npm:^1.2.1":
  version: 1.2.1
  resolution: "@serialport/bindings-interface@npm:1.2.1"
  checksum: 9d3b8231ecbcf67cc85eb0d4f1db617de3353d71f6ab8124c68ec7009a18ef47bdf9c226e8174e393120def37941a7f61a997bd806370a737c63c5e6ec13a0de
  languageName: node
  linkType: hard

"@serialport/parser-byte-length@npm:10.3.0":
  version: 10.3.0
  resolution: "@serialport/parser-byte-length@npm:10.3.0"
  checksum: 994339bff0777c37e00080ec73e2d73723cc6bc773e8f1a33450fe1e5e25bbf423b417b7e37e4ad4504bd57d144554832b6f119f2b63dd22a222a7abb8aa542c
  languageName: node
  linkType: hard

"@serialport/parser-cctalk@npm:10.3.0":
  version: 10.3.0
  resolution: "@serialport/parser-cctalk@npm:10.3.0"
  checksum: 03ba2e4d6510b38a6ebc321a2fa35d6307726e8f57a7646c514450d323cc7abe37d483d3cf22d673ba83cc932bb694d17354a5167f8fe0513aa86caea8ff22b0
  languageName: node
  linkType: hard

"@serialport/parser-delimiter@npm:10.3.0":
  version: 10.3.0
  resolution: "@serialport/parser-delimiter@npm:10.3.0"
  checksum: c662485ba08940fb144f7f8da4b525d3d7f0ab4127ddd8e937a4d1a25ed1a8873e1bbe459b16017c17d583c96c69c81c64a30845309c11aa70fd9ec8f9e9d578
  languageName: node
  linkType: hard

"@serialport/parser-inter-byte-timeout@npm:10.3.0":
  version: 10.3.0
  resolution: "@serialport/parser-inter-byte-timeout@npm:10.3.0"
  checksum: 0f50044f3eac9304bdad72ce324fac84bbca30303f03aea57477a8493fa55c7fc96b28af47d8fcba253e87626346f795c177aaa2e00428d737577e3cb4202e18
  languageName: node
  linkType: hard

"@serialport/parser-packet-length@npm:10.3.0":
  version: 10.3.0
  resolution: "@serialport/parser-packet-length@npm:10.3.0"
  checksum: cc375710ce29d7c0f71d4c80e21ec47cc268ec445fe423fb1b90b4fb834cf63301d792526135002d8c7de4a6c41a260ff81c0366d57f406accb5a1455fd409ca
  languageName: node
  linkType: hard

"@serialport/parser-readline@npm:10.3.0, @serialport/parser-readline@npm:^10.2.1":
  version: 10.3.0
  resolution: "@serialport/parser-readline@npm:10.3.0"
  dependencies:
    "@serialport/parser-delimiter": 10.3.0
  checksum: 3ae9fac58006962f26988702fbb23ab6de30f01a249500fea71afbe70c0ba0eab247c26bf13cc5439a762df0ba5cc68b28698093a9c02665dc7c600cc51ce3c0
  languageName: node
  linkType: hard

"@serialport/parser-ready@npm:10.3.0":
  version: 10.3.0
  resolution: "@serialport/parser-ready@npm:10.3.0"
  checksum: 3fb812781b663f6a64e5155f1a761b3c2949ae956839dac275ea4938ea0570d41171f6b7dcdb80708dcd9c82e47feb2049e6025f3fba0b73459aea1ec5a43ecc
  languageName: node
  linkType: hard

"@serialport/parser-regex@npm:10.3.0":
  version: 10.3.0
  resolution: "@serialport/parser-regex@npm:10.3.0"
  checksum: 6a5a42ee5316f123a0a661fc946aabe3708ade2a4efed191ac2cf4613cec1114008b8937c257ea55e18274bedb3b5b96e9d595378bcf8b55752fdba20728287f
  languageName: node
  linkType: hard

"@serialport/parser-slip-encoder@npm:10.3.0":
  version: 10.3.0
  resolution: "@serialport/parser-slip-encoder@npm:10.3.0"
  checksum: 27075f0ff5dc0951543c22fc13251b1bb889e9ce4e4a1647adbde23bcc49ef1fb0fbd2d8ed4f7c737bbd46faab1f0f15ab5649403b25abcbe1804973e613e8da
  languageName: node
  linkType: hard

"@serialport/parser-spacepacket@npm:10.3.0":
  version: 10.3.0
  resolution: "@serialport/parser-spacepacket@npm:10.3.0"
  checksum: 47625ce9a7680a533486bd100c929f5f7cdd9dbdffe6e31061f22b1068a3c22b8ed18173629df6b296497fef147e683d1b62752b2f4639dbe29e504160740ac8
  languageName: node
  linkType: hard

"@serialport/stream@npm:10.3.0":
  version: 10.3.0
  resolution: "@serialport/stream@npm:10.3.0"
  dependencies:
    "@serialport/bindings-interface": 1.2.1
    debug: ^4.3.2
  checksum: b6e21cab78a76c9b589259d23adc0a82f8c8df552e53965ccc9f5292aaf7e57a4d7de4e65ae0e475da4506254fb21f51c46c8617dff8d090e5576134c8a42885
  languageName: node
  linkType: hard

"@tootallnate/once@npm:2":
  version: 2.0.0
  resolution: "@tootallnate/once@npm:2.0.0"
  checksum: ad87447820dd3f24825d2d947ebc03072b20a42bfc96cbafec16bff8bbda6c1a81fcb0be56d5b21968560c5359a0af4038a68ba150c3e1694fe4c109a063bed8
  languageName: node
  linkType: hard

"abbrev@npm:1":
  version: 1.1.1
  resolution: "abbrev@npm:1.1.1"
  checksum: a4a97ec07d7ea112c517036882b2ac22f3109b7b19077dc656316d07d308438aac28e4d9746dc4d84bf6b1e75b4a7b0a5f3cb30592419f128ca9a8cee3bcfa17
  languageName: node
  linkType: hard

"agent-base@npm:6, agent-base@npm:^6.0.2":
  version: 6.0.2
  resolution: "agent-base@npm:6.0.2"
  dependencies:
    debug: 4
  checksum: f52b6872cc96fd5f622071b71ef200e01c7c4c454ee68bc9accca90c98cfb39f2810e3e9aa330435835eedc8c23f4f8a15267f67c6e245d2b33757575bdac49d
  languageName: node
  linkType: hard

"agentkeepalive@npm:^4.2.1":
  version: 4.2.1
  resolution: "agentkeepalive@npm:4.2.1"
  dependencies:
    debug: ^4.1.0
    depd: ^1.1.2
    humanize-ms: ^1.2.1
  checksum: 39cb49ed8cf217fd6da058a92828a0a84e0b74c35550f82ee0a10e1ee403c4b78ade7948be2279b188b7a7303f5d396ea2738b134731e464bf28de00a4f72a18
  languageName: node
  linkType: hard

"aggregate-error@npm:^3.0.0":
  version: 3.1.0
  resolution: "aggregate-error@npm:3.1.0"
  dependencies:
    clean-stack: ^2.0.0
    indent-string: ^4.0.0
  checksum: 1101a33f21baa27a2fa8e04b698271e64616b886795fd43c31068c07533c7b3facfcaf4e9e0cab3624bd88f729a592f1c901a1a229c9e490eafce411a8644b79
  languageName: node
  linkType: hard

"ansi-regex@npm:^5.0.1":
  version: 5.0.1
  resolution: "ansi-regex@npm:5.0.1"
  checksum: 2aa4bb54caf2d622f1afdad09441695af2a83aa3fe8b8afa581d205e57ed4261c183c4d3877cee25794443fde5876417d859c108078ab788d6af7e4fe52eb66b
  languageName: node
  linkType: hard

"aproba@npm:^1.0.3 || ^2.0.0":
  version: 2.0.0
  resolution: "aproba@npm:2.0.0"
  checksum: 5615cadcfb45289eea63f8afd064ab656006361020e1735112e346593856f87435e02d8dcc7ff0d11928bc7d425f27bc7c2a84f6c0b35ab0ff659c814c138a24
  languageName: node
  linkType: hard

"are-we-there-yet@npm:^3.0.0":
  version: 3.0.1
  resolution: "are-we-there-yet@npm:3.0.1"
  dependencies:
    delegates: ^1.0.0
    readable-stream: ^3.6.0
  checksum: 52590c24860fa7173bedeb69a4c05fb573473e860197f618b9a28432ee4379049336727ae3a1f9c4cb083114601c1140cee578376164d0e651217a9843f9fe83
  languageName: node
  linkType: hard

"balanced-match@npm:^1.0.0":
  version: 1.0.2
  resolution: "balanced-match@npm:1.0.2"
  checksum: 9706c088a283058a8a99e0bf91b0a2f75497f185980d9ffa8b304de1d9e58ebda7c72c07ebf01dadedaac5b2907b2c6f566f660d62bd336c3468e960403b9d65
  languageName: node
  linkType: hard

"brace-expansion@npm:^1.1.7":
  version: 1.1.11
  resolution: "brace-expansion@npm:1.1.11"
  dependencies:
    balanced-match: ^1.0.0
    concat-map: 0.0.1
  checksum: faf34a7bb0c3fcf4b59c7808bc5d2a96a40988addf2e7e09dfbb67a2251800e0d14cd2bfc1aa79174f2f5095c54ff27f46fb1289fe2d77dac755b5eb3434cc07
  languageName: node
  linkType: hard

"brace-expansion@npm:^2.0.1":
  version: 2.0.1
  resolution: "brace-expansion@npm:2.0.1"
  dependencies:
    balanced-match: ^1.0.0
  checksum: a61e7cd2e8a8505e9f0036b3b6108ba5e926b4b55089eeb5550cd04a471fe216c96d4fe7e4c7f995c728c554ae20ddfc4244cad10aef255e72b62930afd233d1
  languageName: node
  linkType: hard

"cacache@npm:^16.1.0":
  version: 16.1.3
  resolution: "cacache@npm:16.1.3"
  dependencies:
    "@npmcli/fs": ^2.1.0
    "@npmcli/move-file": ^2.0.0
    chownr: ^2.0.0
    fs-minipass: ^2.1.0
    glob: ^8.0.1
    infer-owner: ^1.0.4
    lru-cache: ^7.7.1
    minipass: ^3.1.6
    minipass-collect: ^1.0.2
    minipass-flush: ^1.0.5
    minipass-pipeline: ^1.2.4
    mkdirp: ^1.0.4
    p-map: ^4.0.0
    promise-inflight: ^1.0.1
    rimraf: ^3.0.2
    ssri: ^9.0.0
    tar: ^6.1.11
    unique-filename: ^2.0.0
  checksum: d91409e6e57d7d9a3a25e5dcc589c84e75b178ae8ea7de05cbf6b783f77a5fae938f6e8fda6f5257ed70000be27a681e1e44829251bfffe4c10216002f8f14e6
  languageName: node
  linkType: hard

"chownr@npm:^2.0.0":
  version: 2.0.0
  resolution: "chownr@npm:2.0.0"
  checksum: c57cf9dd0791e2f18a5ee9c1a299ae6e801ff58fee96dc8bfd0dcb4738a6ce58dd252a3605b1c93c6418fe4f9d5093b28ffbf4d66648cb2a9c67eaef9679be2f
  languageName: node
  linkType: hard

"clean-stack@npm:^2.0.0":
  version: 2.2.0
  resolution: "clean-stack@npm:2.2.0"
  checksum: 2ac8cd2b2f5ec986a3c743935ec85b07bc174d5421a5efc8017e1f146a1cf5f781ae962618f416352103b32c9cd7e203276e8c28241bbe946160cab16149fb68
  languageName: node
  linkType: hard

"color-support@npm:^1.1.3":
  version: 1.1.3
  resolution: "color-support@npm:1.1.3"
  bin:
    color-support: bin.js
  checksum: 9b7356817670b9a13a26ca5af1c21615463b500783b739b7634a0c2047c16cef4b2865d7576875c31c3cddf9dd621fa19285e628f20198b233a5cfdda6d0793b
  languageName: node
  linkType: hard

"concat-map@npm:0.0.1":
  version: 0.0.1
  resolution: "concat-map@npm:0.0.1"
  checksum: 902a9f5d8967a3e2faf138d5cb784b9979bad2e6db5357c5b21c568df4ebe62bcb15108af1b2253744844eb964fc023fbd9afbbbb6ddd0bcc204c6fb5b7bf3af
  languageName: node
  linkType: hard

"console-control-strings@npm:^1.1.0":
  version: 1.1.0
  resolution: "console-control-strings@npm:1.1.0"
  checksum: 8755d76787f94e6cf79ce4666f0c5519906d7f5b02d4b884cf41e11dcd759ed69c57da0670afd9236d229a46e0f9cf519db0cd829c6dca820bb5a5c3def584ed
  languageName: node
  linkType: hard

"debug@npm:4, debug@npm:^4.1.0, debug@npm:^4.3.3":
  version: 4.3.4
  resolution: "debug@npm:4.3.4"
  dependencies:
    ms: 2.1.2
  peerDependenciesMeta:
    supports-color:
      optional: true
  checksum: 3dbad3f94ea64f34431a9cbf0bafb61853eda57bff2880036153438f50fb5a84f27683ba0d8e5426bf41a8c6ff03879488120cf5b3a761e77953169c0600a708
  languageName: node
  linkType: hard

"debug@npm:^4.3.2":
  version: 4.3.3
  resolution: "debug@npm:4.3.3"
  dependencies:
    ms: 2.1.2
  peerDependenciesMeta:
    supports-color:
      optional: true
  checksum: 14472d56fe4a94dbcfaa6dbed2dd3849f1d72ba78104a1a328047bb564643ca49df0224c3a17fa63533fd11dd3d4c8636cd861191232a2c6735af00cc2d4de16
  languageName: node
  linkType: hard

"delegates@npm:^1.0.0":
  version: 1.0.0
  resolution: "delegates@npm:1.0.0"
  checksum: a51744d9b53c164ba9c0492471a1a2ffa0b6727451bdc89e31627fdf4adda9d51277cfcbfb20f0a6f08ccb3c436f341df3e92631a3440226d93a8971724771fd
  languageName: node
  linkType: hard

"depd@npm:^1.1.2":
  version: 1.1.2
  resolution: "depd@npm:1.1.2"
  checksum: 6b406620d269619852885ce15965272b829df6f409724415e0002c8632ab6a8c0a08ec1f0bd2add05dc7bd7507606f7e2cc034fa24224ab829580040b835ecd9
  languageName: node
  linkType: hard

"emoji-regex@npm:^8.0.0":
  version: 8.0.0
  resolution: "emoji-regex@npm:8.0.0"
  checksum: d4c5c39d5a9868b5fa152f00cada8a936868fd3367f33f71be515ecee4c803132d11b31a6222b2571b1e5f7e13890156a94880345594d0ce7e3c9895f560f192
  languageName: node
  linkType: hard

"encoding@npm:^0.1.13":
  version: 0.1.13
  resolution: "encoding@npm:0.1.13"
  dependencies:
    iconv-lite: ^0.6.2
  checksum: bb98632f8ffa823996e508ce6a58ffcf5856330fde839ae42c9e1f436cc3b5cc651d4aeae72222916545428e54fd0f6aa8862fd8d25bdbcc4589f1e3f3715e7f
  languageName: node
  linkType: hard

"env-paths@npm:^2.2.0":
  version: 2.2.1
  resolution: "env-paths@npm:2.2.1"
  checksum: 65b5df55a8bab92229ab2b40dad3b387fad24613263d103a97f91c9fe43ceb21965cd3392b1ccb5d77088021e525c4e0481adb309625d0cb94ade1d1fb8dc17e
  languageName: node
  linkType: hard

"err-code@npm:^2.0.2":
  version: 2.0.3
  resolution: "err-code@npm:2.0.3"
  checksum: 8b7b1be20d2de12d2255c0bc2ca638b7af5171142693299416e6a9339bd7d88fc8d7707d913d78e0993176005405a236b066b45666b27b797252c771156ace54
  languageName: node
  linkType: hard

"expresslrs-configurator@workspace:.":
  version: 0.0.0-use.local
  resolution: "expresslrs-configurator@workspace:."
  dependencies:
    serialport: ^10.4.0
  languageName: unknown
  linkType: soft

"fs-minipass@npm:^2.0.0, fs-minipass@npm:^2.1.0":
  version: 2.1.0
  resolution: "fs-minipass@npm:2.1.0"
  dependencies:
    minipass: ^3.0.0
  checksum: 1b8d128dae2ac6cc94230cc5ead341ba3e0efaef82dab46a33d171c044caaa6ca001364178d42069b2809c35a1c3c35079a32107c770e9ffab3901b59af8c8b1
  languageName: node
  linkType: hard

"fs.realpath@npm:^1.0.0":
  version: 1.0.0
  resolution: "fs.realpath@npm:1.0.0"
  checksum: 99ddea01a7e75aa276c250a04eedeffe5662bce66c65c07164ad6264f9de18fb21be9433ead460e54cff20e31721c811f4fb5d70591799df5f85dce6d6746fd0
  languageName: node
  linkType: hard

"gauge@npm:^4.0.3":
  version: 4.0.4
  resolution: "gauge@npm:4.0.4"
  dependencies:
    aproba: ^1.0.3 || ^2.0.0
    color-support: ^1.1.3
    console-control-strings: ^1.1.0
    has-unicode: ^2.0.1
    signal-exit: ^3.0.7
    string-width: ^4.2.3
    strip-ansi: ^6.0.1
    wide-align: ^1.1.5
  checksum: 788b6bfe52f1dd8e263cda800c26ac0ca2ff6de0b6eee2fe0d9e3abf15e149b651bd27bf5226be10e6e3edb5c4e5d5985a5a1a98137e7a892f75eff76467ad2d
  languageName: node
  linkType: hard

"glob@npm:^7.1.3, glob@npm:^7.1.4":
  version: 7.2.3
  resolution: "glob@npm:7.2.3"
  dependencies:
    fs.realpath: ^1.0.0
    inflight: ^1.0.4
    inherits: 2
    minimatch: ^3.1.1
    once: ^1.3.0
    path-is-absolute: ^1.0.0
  checksum: 29452e97b38fa704dabb1d1045350fb2467cf0277e155aa9ff7077e90ad81d1ea9d53d3ee63bd37c05b09a065e90f16aec4a65f5b8de401d1dac40bc5605d133
  languageName: node
  linkType: hard

"glob@npm:^8.0.1":
  version: 8.0.3
  resolution: "glob@npm:8.0.3"
  dependencies:
    fs.realpath: ^1.0.0
    inflight: ^1.0.4
    inherits: 2
    minimatch: ^5.0.1
    once: ^1.3.0
  checksum: 50bcdea19d8e79d8de5f460b1939ffc2b3299eac28deb502093fdca22a78efebc03e66bf54f0abc3d3d07d8134d19a32850288b7440d77e072aa55f9d33b18c5
  languageName: node
  linkType: hard

"graceful-fs@npm:^4.2.6":
  version: 4.2.10
  resolution: "graceful-fs@npm:4.2.10"
  checksum: 3f109d70ae123951905d85032ebeae3c2a5a7a997430df00ea30df0e3a6c60cf6689b109654d6fdacd28810a053348c4d14642da1d075049e6be1ba5216218da
  languageName: node
  linkType: hard

"has-unicode@npm:^2.0.1":
  version: 2.0.1
  resolution: "has-unicode@npm:2.0.1"
  checksum: 1eab07a7436512db0be40a710b29b5dc21fa04880b7f63c9980b706683127e3c1b57cb80ea96d47991bdae2dfe479604f6a1ba410106ee1046a41d1bd0814400
  languageName: node
  linkType: hard

"http-cache-semantics@npm:^4.1.0":
  version: 4.1.0
  resolution: "http-cache-semantics@npm:4.1.0"
  checksum: 974de94a81c5474be07f269f9fd8383e92ebb5a448208223bfb39e172a9dbc26feff250192ecc23b9593b3f92098e010406b0f24bd4d588d631f80214648ed42
  languageName: node
  linkType: hard

"http-proxy-agent@npm:^5.0.0":
  version: 5.0.0
  resolution: "http-proxy-agent@npm:5.0.0"
  dependencies:
    "@tootallnate/once": 2
    agent-base: 6
    debug: 4
  checksum: e2ee1ff1656a131953839b2a19cd1f3a52d97c25ba87bd2559af6ae87114abf60971e498021f9b73f9fd78aea8876d1fb0d4656aac8a03c6caa9fc175f22b786
  languageName: node
  linkType: hard

"https-proxy-agent@npm:^5.0.0":
  version: 5.0.1
  resolution: "https-proxy-agent@npm:5.0.1"
  dependencies:
    agent-base: 6
    debug: 4
  checksum: 571fccdf38184f05943e12d37d6ce38197becdd69e58d03f43637f7fa1269cf303a7d228aa27e5b27bbd3af8f09fd938e1c91dcfefff2df7ba77c20ed8dfc765
  languageName: node
  linkType: hard

"humanize-ms@npm:^1.2.1":
  version: 1.2.1
  resolution: "humanize-ms@npm:1.2.1"
  dependencies:
    ms: ^2.0.0
  checksum: 9c7a74a2827f9294c009266c82031030eae811ca87b0da3dceb8d6071b9bde22c9f3daef0469c3c533cc67a97d8a167cd9fc0389350e5f415f61a79b171ded16
  languageName: node
  linkType: hard

"iconv-lite@npm:^0.6.2":
  version: 0.6.3
  resolution: "iconv-lite@npm:0.6.3"
  dependencies:
    safer-buffer: ">= 2.1.2 < 3.0.0"
  checksum: 3f60d47a5c8fc3313317edfd29a00a692cc87a19cac0159e2ce711d0ebc9019064108323b5e493625e25594f11c6236647d8e256fbe7a58f4a3b33b89e6d30bf
  languageName: node
  linkType: hard

"imurmurhash@npm:^0.1.4":
  version: 0.1.4
  resolution: "imurmurhash@npm:0.1.4"
  checksum: 7cae75c8cd9a50f57dadd77482359f659eaebac0319dd9368bcd1714f55e65badd6929ca58569da2b6494ef13fdd5598cd700b1eba23f8b79c5f19d195a3ecf7
  languageName: node
  linkType: hard

"indent-string@npm:^4.0.0":
  version: 4.0.0
  resolution: "indent-string@npm:4.0.0"
  checksum: 824cfb9929d031dabf059bebfe08cf3137365e112019086ed3dcff6a0a7b698cb80cf67ccccde0e25b9e2d7527aa6cc1fed1ac490c752162496caba3e6699612
  languageName: node
  linkType: hard

"infer-owner@npm:^1.0.4":
  version: 1.0.4
  resolution: "infer-owner@npm:1.0.4"
  checksum: 181e732764e4a0611576466b4b87dac338972b839920b2a8cde43642e4ed6bd54dc1fb0b40874728f2a2df9a1b097b8ff83b56d5f8f8e3927f837fdcb47d8a89
  languageName: node
  linkType: hard

"inflight@npm:^1.0.4":
  version: 1.0.6
  resolution: "inflight@npm:1.0.6"
  dependencies:
    once: ^1.3.0
    wrappy: 1
  checksum: f4f76aa072ce19fae87ce1ef7d221e709afb59d445e05d47fba710e85470923a75de35bfae47da6de1b18afc3ce83d70facf44cfb0aff89f0a3f45c0a0244dfd
  languageName: node
  linkType: hard

"inherits@npm:2, inherits@npm:^2.0.3":
  version: 2.0.4
  resolution: "inherits@npm:2.0.4"
  checksum: 4a48a733847879d6cf6691860a6b1e3f0f4754176e4d71494c41f3475553768b10f84b5ce1d40fbd0e34e6bfbb864ee35858ad4dd2cf31e02fc4a154b724d7f1
  languageName: node
  linkType: hard

"ip@npm:^2.0.0":
  version: 2.0.0
  resolution: "ip@npm:2.0.0"
  checksum: cfcfac6b873b701996d71ec82a7dd27ba92450afdb421e356f44044ed688df04567344c36cbacea7d01b1c39a4c732dc012570ebe9bebfb06f27314bca625349
  languageName: node
  linkType: hard

"is-fullwidth-code-point@npm:^3.0.0":
  version: 3.0.0
  resolution: "is-fullwidth-code-point@npm:3.0.0"
  checksum: 44a30c29457c7fb8f00297bce733f0a64cd22eca270f83e58c105e0d015e45c019491a4ab2faef91ab51d4738c670daff901c799f6a700e27f7314029e99e348
  languageName: node
  linkType: hard

"is-lambda@npm:^1.0.1":
  version: 1.0.1
  resolution: "is-lambda@npm:1.0.1"
  checksum: 93a32f01940220532e5948538699ad610d5924ac86093fcee83022252b363eb0cc99ba53ab084a04e4fb62bf7b5731f55496257a4c38adf87af9c4d352c71c35
  languageName: node
  linkType: hard

"isexe@npm:^2.0.0":
  version: 2.0.0
  resolution: "isexe@npm:2.0.0"
  checksum: 26bf6c5480dda5161c820c5b5c751ae1e766c587b1f951ea3fcfc973bafb7831ae5b54a31a69bd670220e42e99ec154475025a468eae58ea262f813fdc8d1c62
  languageName: node
  linkType: hard

"lru-cache@npm:^6.0.0":
  version: 6.0.0
  resolution: "lru-cache@npm:6.0.0"
  dependencies:
    yallist: ^4.0.0
  checksum: f97f499f898f23e4585742138a22f22526254fdba6d75d41a1c2526b3b6cc5747ef59c5612ba7375f42aca4f8461950e925ba08c991ead0651b4918b7c978297
  languageName: node
  linkType: hard

"lru-cache@npm:^7.7.1":
  version: 7.14.0
  resolution: "lru-cache@npm:7.14.0"
  checksum: efdd329f2c1bb790b71d497c6c59272e6bc2d7dd060ba55fc136becd3dd31fc8346edb446275504d94cb60d3c8385dbf5267b79b23789e409b2bdf302d13f0d7
  languageName: node
  linkType: hard

"make-fetch-happen@npm:^10.0.3":
  version: 10.2.1
  resolution: "make-fetch-happen@npm:10.2.1"
  dependencies:
    agentkeepalive: ^4.2.1
    cacache: ^16.1.0
    http-cache-semantics: ^4.1.0
    http-proxy-agent: ^5.0.0
    https-proxy-agent: ^5.0.0
    is-lambda: ^1.0.1
    lru-cache: ^7.7.1
    minipass: ^3.1.6
    minipass-collect: ^1.0.2
    minipass-fetch: ^2.0.3
    minipass-flush: ^1.0.5
    minipass-pipeline: ^1.2.4
    negotiator: ^0.6.3
    promise-retry: ^2.0.1
    socks-proxy-agent: ^7.0.0
    ssri: ^9.0.0
  checksum: 2332eb9a8ec96f1ffeeea56ccefabcb4193693597b132cd110734d50f2928842e22b84cfa1508e921b8385cdfd06dda9ad68645fed62b50fff629a580f5fb72c
  languageName: node
  linkType: hard

"minimatch@npm:^3.1.1":
  version: 3.1.2
  resolution: "minimatch@npm:3.1.2"
  dependencies:
    brace-expansion: ^1.1.7
  checksum: c154e566406683e7bcb746e000b84d74465b3a832c45d59912b9b55cd50dee66e5c4b1e5566dba26154040e51672f9aa450a9aef0c97cfc7336b78b7afb9540a
  languageName: node
  linkType: hard

"minimatch@npm:^5.0.1":
  version: 5.1.0
  resolution: "minimatch@npm:5.1.0"
  dependencies:
    brace-expansion: ^2.0.1
  checksum: 15ce53d31a06361e8b7a629501b5c75491bc2b59712d53e802b1987121d91b433d73fcc5be92974fde66b2b51d8fb28d75a9ae900d249feb792bb1ba2a4f0a90
  languageName: node
  linkType: hard

"minipass-collect@npm:^1.0.2":
  version: 1.0.2
  resolution: "minipass-collect@npm:1.0.2"
  dependencies:
    minipass: ^3.0.0
  checksum: 14df761028f3e47293aee72888f2657695ec66bd7d09cae7ad558da30415fdc4752bbfee66287dcc6fd5e6a2fa3466d6c484dc1cbd986525d9393b9523d97f10
  languageName: node
  linkType: hard

"minipass-fetch@npm:^2.0.3":
  version: 2.1.2
  resolution: "minipass-fetch@npm:2.1.2"
  dependencies:
    encoding: ^0.1.13
    minipass: ^3.1.6
    minipass-sized: ^1.0.3
    minizlib: ^2.1.2
  dependenciesMeta:
    encoding:
      optional: true
  checksum: 3f216be79164e915fc91210cea1850e488793c740534985da017a4cbc7a5ff50506956d0f73bb0cb60e4fe91be08b6b61ef35101706d3ef5da2c8709b5f08f91
  languageName: node
  linkType: hard

"minipass-flush@npm:^1.0.5":
  version: 1.0.5
  resolution: "minipass-flush@npm:1.0.5"
  dependencies:
    minipass: ^3.0.0
  checksum: 56269a0b22bad756a08a94b1ffc36b7c9c5de0735a4dd1ab2b06c066d795cfd1f0ac44a0fcae13eece5589b908ecddc867f04c745c7009be0b566421ea0944cf
  languageName: node
  linkType: hard

"minipass-pipeline@npm:^1.2.4":
  version: 1.2.4
  resolution: "minipass-pipeline@npm:1.2.4"
  dependencies:
    minipass: ^3.0.0
  checksum: b14240dac0d29823c3d5911c286069e36d0b81173d7bdf07a7e4a91ecdef92cdff4baaf31ea3746f1c61e0957f652e641223970870e2353593f382112257971b
  languageName: node
  linkType: hard

"minipass-sized@npm:^1.0.3":
  version: 1.0.3
  resolution: "minipass-sized@npm:1.0.3"
  dependencies:
    minipass: ^3.0.0
  checksum: 79076749fcacf21b5d16dd596d32c3b6bf4d6e62abb43868fac21674078505c8b15eaca4e47ed844985a4514854f917d78f588fcd029693709417d8f98b2bd60
  languageName: node
  linkType: hard

"minipass@npm:^3.0.0, minipass@npm:^3.1.1, minipass@npm:^3.1.6":
  version: 3.3.5
  resolution: "minipass@npm:3.3.5"
  dependencies:
    yallist: ^4.0.0
  checksum: f89f02bcaa0e0e4bb4c44ec796008e69fbca62db0aba6ead1bc57d25bdaefdf42102130f4f9ecb7d9c6b6cd35ff7b0c7b97d001d3435da8e629fb68af3aea57e
  languageName: node
  linkType: hard

"minizlib@npm:^2.1.1, minizlib@npm:^2.1.2":
  version: 2.1.2
  resolution: "minizlib@npm:2.1.2"
  dependencies:
    minipass: ^3.0.0
    yallist: ^4.0.0
  checksum: f1fdeac0b07cf8f30fcf12f4b586795b97be856edea22b5e9072707be51fc95d41487faec3f265b42973a304fe3a64acd91a44a3826a963e37b37bafde0212c3
  languageName: node
  linkType: hard

"mkdirp@npm:^1.0.3, mkdirp@npm:^1.0.4":
  version: 1.0.4
  resolution: "mkdirp@npm:1.0.4"
  bin:
    mkdirp: bin/cmd.js
  checksum: a96865108c6c3b1b8e1d5e9f11843de1e077e57737602de1b82030815f311be11f96f09cce59bd5b903d0b29834733e5313f9301e3ed6d6f6fba2eae0df4298f
  languageName: node
  linkType: hard

"ms@npm:2.1.2":
  version: 2.1.2
  resolution: "ms@npm:2.1.2"
  checksum: 673cdb2c3133eb050c745908d8ce632ed2c02d85640e2edb3ace856a2266a813b30c613569bf3354fdf4ea7d1a1494add3bfa95e2713baa27d0c2c71fc44f58f
  languageName: node
  linkType: hard

"ms@npm:^2.0.0":
  version: 2.1.3
  resolution: "ms@npm:2.1.3"
  checksum: aa92de608021b242401676e35cfa5aa42dd70cbdc082b916da7fb925c542173e36bce97ea3e804923fe92c0ad991434e4a38327e15a1b5b5f945d66df615ae6d
  languageName: node
  linkType: hard

"negotiator@npm:^0.6.3":
  version: 0.6.3
  resolution: "negotiator@npm:0.6.3"
  checksum: b8ffeb1e262eff7968fc90a2b6767b04cfd9842582a9d0ece0af7049537266e7b2506dfb1d107a32f06dd849ab2aea834d5830f7f4d0e5cb7d36e1ae55d021d9
  languageName: node
  linkType: hard

"node-addon-api@npm:^4.3.0":
  version: 4.3.0
  resolution: "node-addon-api@npm:4.3.0"
  dependencies:
    node-gyp: latest
  checksum: 3de396e23cc209f539c704583e8e99c148850226f6e389a641b92e8967953713228109f919765abc1f4355e801e8f41842f96210b8d61c7dcc10a477002dcf00
  languageName: node
  linkType: hard

"node-gyp-build@npm:^4.3.0":
  version: 4.3.0
  resolution: "node-gyp-build@npm:4.3.0"
  bin:
    node-gyp-build: bin.js
    node-gyp-build-optional: optional.js
    node-gyp-build-test: build-test.js
  checksum: 1ecab16d9f275174d516e223f60f65ebe07540347d5c04a6a7d6921060b7f2e3af4f19463d9d1dcedc452e275c2ae71354a99405e55ebd5b655bb2f38025c728
  languageName: node
  linkType: hard

"node-gyp@npm:latest":
  version: 9.1.0
  resolution: "node-gyp@npm:9.1.0"
  dependencies:
    env-paths: ^2.2.0
    glob: ^7.1.4
    graceful-fs: ^4.2.6
    make-fetch-happen: ^10.0.3
    nopt: ^5.0.0
    npmlog: ^6.0.0
    rimraf: ^3.0.2
    semver: ^7.3.5
    tar: ^6.1.2
    which: ^2.0.2
  bin:
    node-gyp: bin/node-gyp.js
  checksum: 1437fa4a879b5b9010604128e8da8609b57c66034262087539ee04a8b764b8436af2be01bab66f8fc729a3adba2dcc21b10a32b9f552696c3fa8cd657d134fc4
  languageName: node
  linkType: hard

"nopt@npm:^5.0.0":
  version: 5.0.0
  resolution: "nopt@npm:5.0.0"
  dependencies:
    abbrev: 1
  bin:
    nopt: bin/nopt.js
  checksum: d35fdec187269503843924e0114c0c6533fb54bbf1620d0f28b4b60ba01712d6687f62565c55cc20a504eff0fbe5c63e22340c3fad549ad40469ffb611b04f2f
  languageName: node
  linkType: hard

"npmlog@npm:^6.0.0":
  version: 6.0.2
  resolution: "npmlog@npm:6.0.2"
  dependencies:
    are-we-there-yet: ^3.0.0
    console-control-strings: ^1.1.0
    gauge: ^4.0.3
    set-blocking: ^2.0.0
  checksum: ae238cd264a1c3f22091cdd9e2b106f684297d3c184f1146984ecbe18aaa86343953f26b9520dedd1b1372bc0316905b736c1932d778dbeb1fcf5a1001390e2a
  languageName: node
  linkType: hard

"once@npm:^1.3.0":
  version: 1.4.0
  resolution: "once@npm:1.4.0"
  dependencies:
    wrappy: 1
  checksum: cd0a88501333edd640d95f0d2700fbde6bff20b3d4d9bdc521bdd31af0656b5706570d6c6afe532045a20bb8dc0849f8332d6f2a416e0ba6d3d3b98806c7db68
  languageName: node
  linkType: hard

"p-map@npm:^4.0.0":
  version: 4.0.0
  resolution: "p-map@npm:4.0.0"
  dependencies:
    aggregate-error: ^3.0.0
  checksum: cb0ab21ec0f32ddffd31dfc250e3afa61e103ef43d957cc45497afe37513634589316de4eb88abdfd969fe6410c22c0b93ab24328833b8eb1ccc087fc0442a1c
  languageName: node
  linkType: hard

"path-is-absolute@npm:^1.0.0":
  version: 1.0.1
  resolution: "path-is-absolute@npm:1.0.1"
  checksum: 060840f92cf8effa293bcc1bea81281bd7d363731d214cbe5c227df207c34cd727430f70c6037b5159c8a870b9157cba65e775446b0ab06fd5ecc7e54615a3b8
  languageName: node
  linkType: hard

"promise-inflight@npm:^1.0.1":
  version: 1.0.1
  resolution: "promise-inflight@npm:1.0.1"
  checksum: 22749483091d2c594261517f4f80e05226d4d5ecc1fc917e1886929da56e22b5718b7f2a75f3807e7a7d471bc3be2907fe92e6e8f373ddf5c64bae35b5af3981
  languageName: node
  linkType: hard

"promise-retry@npm:^2.0.1":
  version: 2.0.1
  resolution: "promise-retry@npm:2.0.1"
  dependencies:
    err-code: ^2.0.2
    retry: ^0.12.0
  checksum: f96a3f6d90b92b568a26f71e966cbbc0f63ab85ea6ff6c81284dc869b41510e6cdef99b6b65f9030f0db422bf7c96652a3fff9f2e8fb4a0f069d8f4430359429
  languageName: node
  linkType: hard

"readable-stream@npm:^3.6.0":
  version: 3.6.0
  resolution: "readable-stream@npm:3.6.0"
  dependencies:
    inherits: ^2.0.3
    string_decoder: ^1.1.1
    util-deprecate: ^1.0.1
  checksum: d4ea81502d3799439bb955a3a5d1d808592cf3133350ed352aeaa499647858b27b1c4013984900238b0873ec8d0d8defce72469fb7a83e61d53f5ad61cb80dc8
  languageName: node
  linkType: hard

"retry@npm:^0.12.0":
  version: 0.12.0
  resolution: "retry@npm:0.12.0"
  checksum: 623bd7d2e5119467ba66202d733ec3c2e2e26568074923bc0585b6b99db14f357e79bdedb63cab56cec47491c4a0da7e6021a7465ca6dc4f481d3898fdd3158c
  languageName: node
  linkType: hard

"rimraf@npm:^3.0.2":
  version: 3.0.2
  resolution: "rimraf@npm:3.0.2"
  dependencies:
    glob: ^7.1.3
  bin:
    rimraf: bin.js
  checksum: 87f4164e396f0171b0a3386cc1877a817f572148ee13a7e113b238e48e8a9f2f31d009a92ec38a591ff1567d9662c6b67fd8818a2dbbaed74bc26a87a2a4a9a0
  languageName: node
  linkType: hard

"safe-buffer@npm:~5.2.0":
  version: 5.2.1
  resolution: "safe-buffer@npm:5.2.1"
  checksum: b99c4b41fdd67a6aaf280fcd05e9ffb0813654894223afb78a31f14a19ad220bba8aba1cb14eddce1fcfb037155fe6de4e861784eb434f7d11ed58d1e70dd491
  languageName: node
  linkType: hard

"safer-buffer@npm:>= 2.1.2 < 3.0.0":
  version: 2.1.2
  resolution: "safer-buffer@npm:2.1.2"
  checksum: cab8f25ae6f1434abee8d80023d7e72b598cf1327164ddab31003c51215526801e40b66c5e65d658a0af1e9d6478cadcb4c745f4bd6751f97d8644786c0978b0
  languageName: node
  linkType: hard

"semver@npm:^7.3.5":
  version: 7.3.7
  resolution: "semver@npm:7.3.7"
  dependencies:
    lru-cache: ^6.0.0
  bin:
    semver: bin/semver.js
  checksum: 2fa3e877568cd6ce769c75c211beaed1f9fce80b28338cadd9d0b6c40f2e2862bafd62c19a6cff42f3d54292b7c623277bcab8816a2b5521cf15210d43e75232
  languageName: node
  linkType: hard

"serialport@npm:^10.4.0":
  version: 10.4.0
  resolution: "serialport@npm:10.4.0"
  dependencies:
    "@serialport/binding-mock": 10.2.2
    "@serialport/bindings-cpp": 10.7.0
    "@serialport/parser-byte-length": 10.3.0
    "@serialport/parser-cctalk": 10.3.0
    "@serialport/parser-delimiter": 10.3.0
    "@serialport/parser-inter-byte-timeout": 10.3.0
    "@serialport/parser-packet-length": 10.3.0
    "@serialport/parser-readline": 10.3.0
    "@serialport/parser-ready": 10.3.0
    "@serialport/parser-regex": 10.3.0
    "@serialport/parser-slip-encoder": 10.3.0
    "@serialport/parser-spacepacket": 10.3.0
    "@serialport/stream": 10.3.0
    debug: ^4.3.3
  checksum: 343703dd0cf71ee2912bdd6eab740d5294243a906f1dc4b5a00b1e7ac1d4d5a1ce674f0592fc7891184695f6add7da26714dd24301e10d977373ba176522f487
  languageName: node
  linkType: hard

"set-blocking@npm:^2.0.0":
  version: 2.0.0
  resolution: "set-blocking@npm:2.0.0"
  checksum: 6e65a05f7cf7ebdf8b7c75b101e18c0b7e3dff4940d480efed8aad3a36a4005140b660fa1d804cb8bce911cac290441dc728084a30504d3516ac2ff7ad607b02
  languageName: node
  linkType: hard

"signal-exit@npm:^3.0.7":
  version: 3.0.7
  resolution: "signal-exit@npm:3.0.7"
  checksum: a2f098f247adc367dffc27845853e9959b9e88b01cb301658cfe4194352d8d2bb32e18467c786a7fe15f1d44b233ea35633d076d5e737870b7139949d1ab6318
  languageName: node
  linkType: hard

"smart-buffer@npm:^4.2.0":
  version: 4.2.0
  resolution: "smart-buffer@npm:4.2.0"
  checksum: b5167a7142c1da704c0e3af85c402002b597081dd9575031a90b4f229ca5678e9a36e8a374f1814c8156a725d17008ae3bde63b92f9cfd132526379e580bec8b
  languageName: node
  linkType: hard

"socks-proxy-agent@npm:^7.0.0":
  version: 7.0.0
  resolution: "socks-proxy-agent@npm:7.0.0"
  dependencies:
    agent-base: ^6.0.2
    debug: ^4.3.3
    socks: ^2.6.2
  checksum: 720554370154cbc979e2e9ce6a6ec6ced205d02757d8f5d93fe95adae454fc187a5cbfc6b022afab850a5ce9b4c7d73e0f98e381879cf45f66317a4895953846
  languageName: node
  linkType: hard

"socks@npm:^2.6.2":
  version: 2.7.0
  resolution: "socks@npm:2.7.0"
  dependencies:
    ip: ^2.0.0
    smart-buffer: ^4.2.0
  checksum: 0b5d94e2b3c11e7937b40fc5dac1e80d8b92a330e68c51f1d271ce6980c70adca42a3f8cd47c4a5769956bada074823b53374f2dc5f2ea5c2121b222dec6eadf
  languageName: node
  linkType: hard

"ssri@npm:^9.0.0":
  version: 9.0.1
  resolution: "ssri@npm:9.0.1"
  dependencies:
    minipass: ^3.1.1
  checksum: fb58f5e46b6923ae67b87ad5ef1c5ab6d427a17db0bead84570c2df3cd50b4ceb880ebdba2d60726588272890bae842a744e1ecce5bd2a2a582fccd5068309eb
  languageName: node
  linkType: hard

"string-width@npm:^1.0.2 || 2 || 3 || 4, string-width@npm:^4.2.3":
  version: 4.2.3
  resolution: "string-width@npm:4.2.3"
  dependencies:
    emoji-regex: ^8.0.0
    is-fullwidth-code-point: ^3.0.0
    strip-ansi: ^6.0.1
  checksum: e52c10dc3fbfcd6c3a15f159f54a90024241d0f149cf8aed2982a2d801d2e64df0bf1dc351cf8e95c3319323f9f220c16e740b06faecd53e2462df1d2b5443fb
  languageName: node
  linkType: hard

"string_decoder@npm:^1.1.1":
  version: 1.3.0
  resolution: "string_decoder@npm:1.3.0"
  dependencies:
    safe-buffer: ~5.2.0
  checksum: 8417646695a66e73aefc4420eb3b84cc9ffd89572861fe004e6aeb13c7bc00e2f616247505d2dbbef24247c372f70268f594af7126f43548565c68c117bdeb56
  languageName: node
  linkType: hard

"strip-ansi@npm:^6.0.1":
  version: 6.0.1
  resolution: "strip-ansi@npm:6.0.1"
  dependencies:
    ansi-regex: ^5.0.1
  checksum: f3cd25890aef3ba6e1a74e20896c21a46f482e93df4a06567cebf2b57edabb15133f1f94e57434e0a958d61186087b1008e89c94875d019910a213181a14fc8c
  languageName: node
  linkType: hard

"tar@npm:^6.1.11, tar@npm:^6.1.2":
  version: 6.1.11
  resolution: "tar@npm:6.1.11"
  dependencies:
    chownr: ^2.0.0
    fs-minipass: ^2.0.0
    minipass: ^3.0.0
    minizlib: ^2.1.1
    mkdirp: ^1.0.3
    yallist: ^4.0.0
  checksum: a04c07bb9e2d8f46776517d4618f2406fb977a74d914ad98b264fc3db0fe8224da5bec11e5f8902c5b9bcb8ace22d95fbe3c7b36b8593b7dfc8391a25898f32f
  languageName: node
  linkType: hard

"unique-filename@npm:^2.0.0":
  version: 2.0.1
  resolution: "unique-filename@npm:2.0.1"
  dependencies:
    unique-slug: ^3.0.0
  checksum: 807acf3381aff319086b64dc7125a9a37c09c44af7620bd4f7f3247fcd5565660ac12d8b80534dcbfd067e6fe88a67e621386dd796a8af828d1337a8420a255f
  languageName: node
  linkType: hard

"unique-slug@npm:^3.0.0":
  version: 3.0.0
  resolution: "unique-slug@npm:3.0.0"
  dependencies:
    imurmurhash: ^0.1.4
  checksum: 49f8d915ba7f0101801b922062ee46b7953256c93ceca74303bd8e6413ae10aa7e8216556b54dc5382895e8221d04f1efaf75f945c2e4a515b4139f77aa6640c
  languageName: node
  linkType: hard

"util-deprecate@npm:^1.0.1":
  version: 1.0.2
  resolution: "util-deprecate@npm:1.0.2"
  checksum: 474acf1146cb2701fe3b074892217553dfcf9a031280919ba1b8d651a068c9b15d863b7303cb15bd00a862b498e6cf4ad7b4a08fb134edd5a6f7641681cb54a2
  languageName: node
  linkType: hard

"which@npm:^2.0.2":
  version: 2.0.2
  resolution: "which@npm:2.0.2"
  dependencies:
    isexe: ^2.0.0
  bin:
    node-which: ./bin/node-which
  checksum: 1a5c563d3c1b52d5f893c8b61afe11abc3bab4afac492e8da5bde69d550de701cf9806235f20a47b5c8fa8a1d6a9135841de2596535e998027a54589000e66d1
  languageName: node
  linkType: hard

"wide-align@npm:^1.1.5":
  version: 1.1.5
  resolution: "wide-align@npm:1.1.5"
  dependencies:
    string-width: ^1.0.2 || 2 || 3 || 4
  checksum: d5fc37cd561f9daee3c80e03b92ed3e84d80dde3365a8767263d03dacfc8fa06b065ffe1df00d8c2a09f731482fcacae745abfbb478d4af36d0a891fad4834d3
  languageName: node
  linkType: hard

"wrappy@npm:1":
  version: 1.0.2
  resolution: "wrappy@npm:1.0.2"
  checksum: 159da4805f7e84a3d003d8841557196034155008f817172d4e986bd591f74aa82aa7db55929a54222309e01079a65a92a9e6414da5a6aa4b01ee44a511ac3ee5
  languageName: node
  linkType: hard

"yallist@npm:^4.0.0":
  version: 4.0.0
  resolution: "yallist@npm:4.0.0"
  checksum: 343617202af32df2a15a3be36a5a8c0c8545208f3d3dfbc6bb7c3e3b7e8c6f8e7485432e4f3b88da3031a6e20afa7c711eded32ddfb122896ac5d914e75848d5
  languageName: node
  linkType: hard
